
Microsoft Visual Studio Solution File, Format Version 12.00
# Visual Studio Version 17
VisualStudioVersion = 17.12.35728.132 d17.12
MinimumVisualStudioVersion = 10.0.40219.1
Project("{FAE04EC0-301F-11D3-BF4B-00C04F79EFBC}") = "EX202_BaiTapPhanSo", "EX202_BaiTapPhanSo\EX202_BaiTapPhanSo.csproj", "{4C4641B9-76EF-4EF7-90D6-7AE6CDE897D0}"
EndProject
Global
	GlobalSection(SolutionConfigurationPlatforms) = preSolution
		Debug|Any CPU = Debug|Any CPU
		Release|Any CPU = Release|Any CPU
	EndGlobalSection
	GlobalSection(ProjectConfigurationPlatforms) = postSolution
		{4C4641B9-76EF-4EF7-90D6-7AE6CDE897D0}.Debug|Any CPU.ActiveCfg = Debug|Any CPU
		{4C4641B9-76EF-4EF7-90D6-7AE6CDE897D0}.Debug|Any CPU.Build.0 = Debug|Any CPU
		{4C4641B9-76EF-4EF7-90D6-7AE6CDE897D0}.Release|Any CPU.ActiveCfg = Release|Any CPU
		{4C4641B9-76EF-4EF7-90D6-7AE6CDE897D0}.Release|Any CPU.Build.0 = Release|Any CPU
	EndGlobalSection
	GlobalSection(SolutionProperties) = preSolution
		HideSolutionNode = FALSE
	EndGlobalSection
EndGlobal
