
Microsoft Visual Studio Solution File, Format Version 12.00
# Visual Studio Version 17
VisualStudioVersion = 17.12.35728.132 d17.12
MinimumVisualStudioVersion = 10.0.40219.1
Project("{FAE04EC0-301F-11D3-BF4B-00C04F79EFBC}") = "Ex401-Interface", "Ex401-Interface\Ex401-Interface.csproj", "{ED031539-FCC1-4036-B695-8BF9EC09F842}"
EndProject
Project("{FAE04EC0-301F-11D3-BF4B-00C04F79EFBC}") = "EX403_KhaiBaoInterface", "EX403_KhaiBaoInterface\EX403_KhaiBaoInterface.csproj", "{86E74F8D-DC83-4985-85D2-4D461F7B2DC2}"
EndProject
Global
	GlobalSection(SolutionConfigurationPlatforms) = preSolution
		Debug|Any CPU = Debug|Any CPU
		Release|Any CPU = Release|Any CPU
	EndGlobalSection
	GlobalSection(ProjectConfigurationPlatforms) = postSolution
		{ED031539-FCC1-4036-B695-8BF9EC09F842}.Debug|Any CPU.ActiveCfg = Debug|Any CPU
		{ED031539-FCC1-4036-B695-8BF9EC09F842}.Debug|Any CPU.Build.0 = Debug|Any CPU
		{ED031539-FCC1-4036-B695-8BF9EC09F842}.Release|Any CPU.ActiveCfg = Release|Any CPU
		{ED031539-FCC1-4036-B695-8BF9EC09F842}.Release|Any CPU.Build.0 = Release|Any CPU
		{86E74F8D-DC83-4985-85D2-4D461F7B2DC2}.Debug|Any CPU.ActiveCfg = Debug|Any CPU
		{86E74F8D-DC83-4985-85D2-4D461F7B2DC2}.Debug|Any CPU.Build.0 = Debug|Any CPU
		{86E74F8D-DC83-4985-85D2-4D461F7B2DC2}.Release|Any CPU.ActiveCfg = Release|Any CPU
		{86E74F8D-DC83-4985-85D2-4D461F7B2DC2}.Release|Any CPU.Build.0 = Release|Any CPU
	EndGlobalSection
	GlobalSection(SolutionProperties) = preSolution
		HideSolutionNode = FALSE
	EndGlobalSection
EndGlobal
